
Microsoft Visual Studio Solution File, Format Version 12.00
# Visual Studio Version 17
VisualStudioVersion = 17.2.32602.215
MinimumVisualStudioVersion = 10.0.40219.1
Project("{9A19103F-16F7-4668-BE54-9A1E7A4F7556}") = "Presentation", "Presentation\Presentation.csproj", "{164FFE16-1EB2-4E67-B5AB-DDE647D87AA8}"
EndProject
Project("{9A19103F-16F7-4668-BE54-9A1E7A4F7556}") = "Services", "Services\Services.csproj", "{7510D745-6F34-4A41-A557-FFF6A7098F16}"
EndProject
Project("{9A19103F-16F7-4668-BE54-9A1E7A4F7556}") = "DataAccess", "DataAccess\DataAccess.csproj", "{8245C7FC-EF44-4399-91FE-ED9D125A74A8}"
EndProject
Project("{9A19103F-16F7-4668-BE54-9A1E7A4F7556}") = "DTO", "DTO\DTO.csproj", "{5A388837-EC5E-4A5E-B46D-2685A193BB53}"
EndProject
Project("{FAE04EC0-301F-11D3-BF4B-00C04F79EFBC}") = "Repo", "Repository\Repo.csproj", "{E4942B66-FB60-479F-86F1-1EB0320E8063}"
EndProject
Global
	GlobalSection(SolutionConfigurationPlatforms) = preSolution
		Debug|Any CPU = Debug|Any CPU
		Release|Any CPU = Release|Any CPU
	EndGlobalSection
	GlobalSection(ProjectConfigurationPlatforms) = postSolution
		{164FFE16-1EB2-4E67-B5AB-DDE647D87AA8}.Debug|Any CPU.ActiveCfg = Debug|Any CPU
		{164FFE16-1EB2-4E67-B5AB-DDE647D87AA8}.Debug|Any CPU.Build.0 = Debug|Any CPU
		{164FFE16-1EB2-4E67-B5AB-DDE647D87AA8}.Release|Any CPU.ActiveCfg = Release|Any CPU
		{164FFE16-1EB2-4E67-B5AB-DDE647D87AA8}.Release|Any CPU.Build.0 = Release|Any CPU
		{7510D745-6F34-4A41-A557-FFF6A7098F16}.Debug|Any CPU.ActiveCfg = Debug|Any CPU
		{7510D745-6F34-4A41-A557-FFF6A7098F16}.Debug|Any CPU.Build.0 = Debug|Any CPU
		{7510D745-6F34-4A41-A557-FFF6A7098F16}.Release|Any CPU.ActiveCfg = Release|Any CPU
		{7510D745-6F34-4A41-A557-FFF6A7098F16}.Release|Any CPU.Build.0 = Release|Any CPU
		{8245C7FC-EF44-4399-91FE-ED9D125A74A8}.Debug|Any CPU.ActiveCfg = Debug|Any CPU
		{8245C7FC-EF44-4399-91FE-ED9D125A74A8}.Debug|Any CPU.Build.0 = Debug|Any CPU
		{8245C7FC-EF44-4399-91FE-ED9D125A74A8}.Release|Any CPU.ActiveCfg = Release|Any CPU
		{8245C7FC-EF44-4399-91FE-ED9D125A74A8}.Release|Any CPU.Build.0 = Release|Any CPU
		{5A388837-EC5E-4A5E-B46D-2685A193BB53}.Debug|Any CPU.ActiveCfg = Debug|Any CPU
		{5A388837-EC5E-4A5E-B46D-2685A193BB53}.Debug|Any CPU.Build.0 = Debug|Any CPU
		{5A388837-EC5E-4A5E-B46D-2685A193BB53}.Release|Any CPU.ActiveCfg = Release|Any CPU
		{5A388837-EC5E-4A5E-B46D-2685A193BB53}.Release|Any CPU.Build.0 = Release|Any CPU
		{E4942B66-FB60-479F-86F1-1EB0320E8063}.Debug|Any CPU.ActiveCfg = Debug|Any CPU
		{E4942B66-FB60-479F-86F1-1EB0320E8063}.Debug|Any CPU.Build.0 = Debug|Any CPU
		{E4942B66-FB60-479F-86F1-1EB0320E8063}.Release|Any CPU.ActiveCfg = Release|Any CPU
		{E4942B66-FB60-479F-86F1-1EB0320E8063}.Release|Any CPU.Build.0 = Release|Any CPU
	EndGlobalSection
	GlobalSection(SolutionProperties) = preSolution
		HideSolutionNode = FALSE
	EndGlobalSection
	GlobalSection(ExtensibilityGlobals) = postSolution
		SolutionGuid = {BE65AB65-F721-40DF-9F8D-78C55518171A}
	EndGlobalSection
EndGlobal
